
Microsoft Visual Studio Solution File, Format Version 12.00
# Visual Studio Version 17
VisualStudioVersion = 17.3.32901.215
MinimumVisualStudioVersion = 10.0.40219.1
Project("{FAE04EC0-301F-11D3-BF4B-00C04F79EFBC}") = "ListExamples", "ListExamples\ListExamples.csproj", "{7DABBC68-52E1-429D-A1BB-E0E4B333BEA4}"
EndProject
Global
	GlobalSection(SolutionConfigurationPlatforms) = preSolution
		Debug|Any CPU = Debug|Any CPU
		Release|Any CPU = Release|Any CPU
	EndGlobalSection
	GlobalSection(ProjectConfigurationPlatforms) = postSolution
		{7DABBC68-52E1-429D-A1BB-E0E4B333BEA4}.Debug|Any CPU.ActiveCfg = Debug|Any CPU
		{7DABBC68-52E1-429D-A1BB-E0E4B333BEA4}.Debug|Any CPU.Build.0 = Debug|Any CPU
		{7DABBC68-52E1-429D-A1BB-E0E4B333BEA4}.Release|Any CPU.ActiveCfg = Release|Any CPU
		{7DABBC68-52E1-429D-A1BB-E0E4B333BEA4}.Release|Any CPU.Build.0 = Release|Any CPU
	EndGlobalSection
	GlobalSection(SolutionProperties) = preSolution
		HideSolutionNode = FALSE
	EndGlobalSection
	GlobalSection(ExtensibilityGlobals) = postSolution
		SolutionGuid = {8288CAED-E90B-4AA3-AEBC-06DECE1C434E}
	EndGlobalSection
EndGlobal
