
Microsoft Visual Studio Solution File, Format Version 12.00
# Visual Studio Version 17
VisualStudioVersion = 17.7.34221.43
MinimumVisualStudioVersion = 10.0.40219.1
Project("{FAE04EC0-301F-11D3-BF4B-00C04F79EFBC}") = "Delegate", "Delegate\Delegate.csproj", "{3C7E67F3-FCE4-4204-9DB8-055B25E7EF8D}"
EndProject
Global
	GlobalSection(SolutionConfigurationPlatforms) = preSolution
		Debug|Any CPU = Debug|Any CPU
		Release|Any CPU = Release|Any CPU
	EndGlobalSection
	GlobalSection(ProjectConfigurationPlatforms) = postSolution
		{3C7E67F3-FCE4-4204-9DB8-055B25E7EF8D}.Debug|Any CPU.ActiveCfg = Debug|Any CPU
		{3C7E67F3-FCE4-4204-9DB8-055B25E7EF8D}.Debug|Any CPU.Build.0 = Debug|Any CPU
		{3C7E67F3-FCE4-4204-9DB8-055B25E7EF8D}.Release|Any CPU.ActiveCfg = Release|Any CPU
		{3C7E67F3-FCE4-4204-9DB8-055B25E7EF8D}.Release|Any CPU.Build.0 = Release|Any CPU
	EndGlobalSection
	GlobalSection(SolutionProperties) = preSolution
		HideSolutionNode = FALSE
	EndGlobalSection
	GlobalSection(ExtensibilityGlobals) = postSolution
		SolutionGuid = {3D2E68F8-66FC-45EA-9685-B30DCAD0391E}
	EndGlobalSection
EndGlobal
