
Microsoft Visual Studio Solution File, Format Version 12.00
# Visual Studio Version 17
VisualStudioVersion = 17.3.32901.215
MinimumVisualStudioVersion = 10.0.40219.1
Project("{FAE04EC0-301F-11D3-BF4B-00C04F79EFBC}") = "Calculator", "Calculator\Calculator.csproj", "{6F6F2B47-116D-4012-B6E9-D7ACECE42650}"
EndProject
Global
	GlobalSection(SolutionConfigurationPlatforms) = preSolution
		Debug|Any CPU = Debug|Any CPU
		Release|Any CPU = Release|Any CPU
	EndGlobalSection
	GlobalSection(ProjectConfigurationPlatforms) = postSolution
		{6F6F2B47-116D-4012-B6E9-D7ACECE42650}.Debug|Any CPU.ActiveCfg = Debug|Any CPU
		{6F6F2B47-116D-4012-B6E9-D7ACECE42650}.Debug|Any CPU.Build.0 = Debug|Any CPU
		{6F6F2B47-116D-4012-B6E9-D7ACECE42650}.Release|Any CPU.ActiveCfg = Release|Any CPU
		{6F6F2B47-116D-4012-B6E9-D7ACECE42650}.Release|Any CPU.Build.0 = Release|Any CPU
	EndGlobalSection
	GlobalSection(SolutionProperties) = preSolution
		HideSolutionNode = FALSE
	EndGlobalSection
	GlobalSection(ExtensibilityGlobals) = postSolution
		SolutionGuid = {B7AFB1D0-029C-470D-90B1-3600766C4857}
	EndGlobalSection
EndGlobal
