
Microsoft Visual Studio Solution File, Format Version 12.00
# Visual Studio Version 17
VisualStudioVersion = 17.3.32901.215
MinimumVisualStudioVersion = 10.0.40219.1
Project("{FAE04EC0-301F-11D3-BF4B-00C04F79EFBC}") = "Palindrome", "Palindrome\Palindrome.csproj", "{E49B737D-B4D8-47D7-A194-84FC774D8BFE}"
EndProject
Global
	GlobalSection(SolutionConfigurationPlatforms) = preSolution
		Debug|Any CPU = Debug|Any CPU
		Release|Any CPU = Release|Any CPU
	EndGlobalSection
	GlobalSection(ProjectConfigurationPlatforms) = postSolution
		{E49B737D-B4D8-47D7-A194-84FC774D8BFE}.Debug|Any CPU.ActiveCfg = Debug|Any CPU
		{E49B737D-B4D8-47D7-A194-84FC774D8BFE}.Debug|Any CPU.Build.0 = Debug|Any CPU
		{E49B737D-B4D8-47D7-A194-84FC774D8BFE}.Release|Any CPU.ActiveCfg = Release|Any CPU
		{E49B737D-B4D8-47D7-A194-84FC774D8BFE}.Release|Any CPU.Build.0 = Release|Any CPU
	EndGlobalSection
	GlobalSection(SolutionProperties) = preSolution
		HideSolutionNode = FALSE
	EndGlobalSection
	GlobalSection(ExtensibilityGlobals) = postSolution
		SolutionGuid = {F39D51F0-61DE-4732-8E56-5C83D4F20E96}
	EndGlobalSection
EndGlobal
