
Microsoft Visual Studio Solution File, Format Version 12.00
# Visual Studio Version 17
VisualStudioVersion = 17.7.34221.43
MinimumVisualStudioVersion = 10.0.40219.1
Project("{FAE04EC0-301F-11D3-BF4B-00C04F79EFBC}") = "Tupple", "Tupple\Tupple.csproj", "{AFEB189E-FF1E-448E-A5BD-525FFD1B340D}"
EndProject
Global
	GlobalSection(SolutionConfigurationPlatforms) = preSolution
		Debug|Any CPU = Debug|Any CPU
		Release|Any CPU = Release|Any CPU
	EndGlobalSection
	GlobalSection(ProjectConfigurationPlatforms) = postSolution
		{AFEB189E-FF1E-448E-A5BD-525FFD1B340D}.Debug|Any CPU.ActiveCfg = Debug|Any CPU
		{AFEB189E-FF1E-448E-A5BD-525FFD1B340D}.Debug|Any CPU.Build.0 = Debug|Any CPU
		{AFEB189E-FF1E-448E-A5BD-525FFD1B340D}.Release|Any CPU.ActiveCfg = Release|Any CPU
		{AFEB189E-FF1E-448E-A5BD-525FFD1B340D}.Release|Any CPU.Build.0 = Release|Any CPU
	EndGlobalSection
	GlobalSection(SolutionProperties) = preSolution
		HideSolutionNode = FALSE
	EndGlobalSection
	GlobalSection(ExtensibilityGlobals) = postSolution
		SolutionGuid = {02791AEC-042C-4C48-90C8-6B2C2FC00B5F}
	EndGlobalSection
EndGlobal
