
Microsoft Visual Studio Solution File, Format Version 12.00
# Visual Studio Version 17
VisualStudioVersion = 17.7.34221.43
MinimumVisualStudioVersion = 10.0.40219.1
Project("{FAE04EC0-301F-11D3-BF4B-00C04F79EFBC}") = "Delegate_Action_Sample", "Delegate_Action_Sample\Delegate_Action_Sample.csproj", "{4FF3A13E-6639-4636-92E2-437FD0445016}"
EndProject
Global
	GlobalSection(SolutionConfigurationPlatforms) = preSolution
		Debug|Any CPU = Debug|Any CPU
		Release|Any CPU = Release|Any CPU
	EndGlobalSection
	GlobalSection(ProjectConfigurationPlatforms) = postSolution
		{4FF3A13E-6639-4636-92E2-437FD0445016}.Debug|Any CPU.ActiveCfg = Debug|Any CPU
		{4FF3A13E-6639-4636-92E2-437FD0445016}.Debug|Any CPU.Build.0 = Debug|Any CPU
		{4FF3A13E-6639-4636-92E2-437FD0445016}.Release|Any CPU.ActiveCfg = Release|Any CPU
		{4FF3A13E-6639-4636-92E2-437FD0445016}.Release|Any CPU.Build.0 = Release|Any CPU
	EndGlobalSection
	GlobalSection(SolutionProperties) = preSolution
		HideSolutionNode = FALSE
	EndGlobalSection
	GlobalSection(ExtensibilityGlobals) = postSolution
		SolutionGuid = {17C8408E-F894-4088-ABC9-BF9446C24EDE}
	EndGlobalSection
EndGlobal
